
Microsoft Visual Studio Solution File, Format Version 12.00
# Visual Studio Version 16
VisualStudioVersion = 16.0.30907.101
MinimumVisualStudioVersion = 10.0.40219.1
Project("{9A19103F-16F7-4668-BE54-9A1E7A4F7556}") = "EscapeMines", "EscapeMines\EscapeMines.csproj", "{91B3FFE3-44B6-4EBD-8DC1-472DCBC9839D}"
EndProject
Project("{FAE04EC0-301F-11D3-BF4B-00C04F79EFBC}") = "EscapeMines.Test", "EscapeMines.Test\EscapeMines.Test.csproj", "{C0D176AD-4773-41E6-BBFA-A5F6E1006F65}"
EndProject
Global
	GlobalSection(SolutionConfigurationPlatforms) = preSolution
		Debug|Any CPU = Debug|Any CPU
		Release|Any CPU = Release|Any CPU
	EndGlobalSection
	GlobalSection(ProjectConfigurationPlatforms) = postSolution
		{91B3FFE3-44B6-4EBD-8DC1-472DCBC9839D}.Debug|Any CPU.ActiveCfg = Debug|Any CPU
		{91B3FFE3-44B6-4EBD-8DC1-472DCBC9839D}.Debug|Any CPU.Build.0 = Debug|Any CPU
		{91B3FFE3-44B6-4EBD-8DC1-472DCBC9839D}.Release|Any CPU.ActiveCfg = Release|Any CPU
		{91B3FFE3-44B6-4EBD-8DC1-472DCBC9839D}.Release|Any CPU.Build.0 = Release|Any CPU
		{C0D176AD-4773-41E6-BBFA-A5F6E1006F65}.Debug|Any CPU.ActiveCfg = Debug|Any CPU
		{C0D176AD-4773-41E6-BBFA-A5F6E1006F65}.Debug|Any CPU.Build.0 = Debug|Any CPU
		{C0D176AD-4773-41E6-BBFA-A5F6E1006F65}.Release|Any CPU.ActiveCfg = Release|Any CPU
		{C0D176AD-4773-41E6-BBFA-A5F6E1006F65}.Release|Any CPU.Build.0 = Release|Any CPU
	EndGlobalSection
	GlobalSection(SolutionProperties) = preSolution
		HideSolutionNode = FALSE
	EndGlobalSection
	GlobalSection(ExtensibilityGlobals) = postSolution
		SolutionGuid = {4E2A844C-2942-4B24-BAFC-DEA6CBE49EA8}
	EndGlobalSection
EndGlobal
